
Microsoft Visual Studio Solution File, Format Version 12.00
# Visual Studio Version 17
VisualStudioVersion = 17.0.31903.59
MinimumVisualStudioVersion = 10.0.40219.1
Project("{FAE04EC0-301F-11D3-BF4B-00C04F79EFBC}") = "ZROS.Core", "src\ZROS.Core\ZROS.Core.csproj", "{A1B2C3D4-E5F6-7890-ABCD-EF1234567890}"
EndProject
Project("{FAE04EC0-301F-11D3-BF4B-00C04F79EFBC}") = "ZROS.Messages", "src\ZROS.Messages\ZROS.Messages.csproj", "{B2C3D4E5-F6A7-8901-BCDE-F12345678901}"
EndProject
Project("{FAE04EC0-301F-11D3-BF4B-00C04F79EFBC}") = "ZROS.Tests", "tests\ZROS.Tests\ZROS.Tests.csproj", "{60AF0DB5-3EBB-407A-9A7D-73094919ED96}"
EndProject
Project("{2150E333-8FDC-42A3-9474-1A3956D46DE8}") = "src", "src", "{827E0CD3-B72D-47B6-A68D-7590B98EB39B}"
EndProject
Project("{FAE04EC0-301F-11D3-BF4B-00C04F79EFBC}") = "ZROS.ServiceManager", "src\ZROS.ServiceManager\ZROS.ServiceManager.csproj", "{A0271B90-557B-4A8C-B14B-5EDE1F6E04B6}"
EndProject
Project("{2150E333-8FDC-42A3-9474-1A3956D46DE8}") = "tests", "tests", "{0AB3BF05-4346-4AA6-1389-037BE0695223}"
EndProject
Project("{FAE04EC0-301F-11D3-BF4B-00C04F79EFBC}") = "ZROS.ServiceManager.Tests", "tests\ZROS.ServiceManager.Tests\ZROS.ServiceManager.Tests.csproj", "{0B0AB867-9D5A-40F0-AE89-6F28FE858820}"
EndProject
Project("{FAE04EC0-301F-11D3-BF4B-00C04F79EFBC}") = "ZROS.ServiceManager.UI", "src\ZROS.ServiceManager.UI\ZROS.ServiceManager.UI.csproj", "{C73C3DAD-2B2B-4629-BA20-7EFFD7CD7884}"
EndProject
Project("{2150E333-8FDC-42A3-9474-1A3956D46DE8}") = "samples", "samples", "{5D20AA90-6969-D8BD-9DCD-8634F4692FDA}"
EndProject
Project("{FAE04EC0-301F-11D3-BF4B-00C04F79EFBC}") = "ZROS.ZenohInteropDemo", "samples\ZROS.ZenohInteropDemo\ZROS.ZenohInteropDemo.csproj", "{AD1D1A19-3C0D-41BB-9C12-C911C3FE1DE1}"
EndProject
Global
	GlobalSection(SolutionConfigurationPlatforms) = preSolution
		Debug|Any CPU = Debug|Any CPU
		Debug|x64 = Debug|x64
		Debug|x86 = Debug|x86
		Release|Any CPU = Release|Any CPU
		Release|x64 = Release|x64
		Release|x86 = Release|x86
	EndGlobalSection
	GlobalSection(ProjectConfigurationPlatforms) = postSolution
		{A1B2C3D4-E5F6-7890-ABCD-EF1234567890}.Debug|Any CPU.ActiveCfg = Debug|Any CPU
		{A1B2C3D4-E5F6-7890-ABCD-EF1234567890}.Debug|Any CPU.Build.0 = Debug|Any CPU
		{A1B2C3D4-E5F6-7890-ABCD-EF1234567890}.Debug|x64.ActiveCfg = Debug|Any CPU
		{A1B2C3D4-E5F6-7890-ABCD-EF1234567890}.Debug|x64.Build.0 = Debug|Any CPU
		{A1B2C3D4-E5F6-7890-ABCD-EF1234567890}.Debug|x86.ActiveCfg = Debug|Any CPU
		{A1B2C3D4-E5F6-7890-ABCD-EF1234567890}.Debug|x86.Build.0 = Debug|Any CPU
		{A1B2C3D4-E5F6-7890-ABCD-EF1234567890}.Release|Any CPU.ActiveCfg = Release|Any CPU
		{A1B2C3D4-E5F6-7890-ABCD-EF1234567890}.Release|Any CPU.Build.0 = Release|Any CPU
		{A1B2C3D4-E5F6-7890-ABCD-EF1234567890}.Release|x64.ActiveCfg = Release|Any CPU
		{A1B2C3D4-E5F6-7890-ABCD-EF1234567890}.Release|x64.Build.0 = Release|Any CPU
		{A1B2C3D4-E5F6-7890-ABCD-EF1234567890}.Release|x86.ActiveCfg = Release|Any CPU
		{A1B2C3D4-E5F6-7890-ABCD-EF1234567890}.Release|x86.Build.0 = Release|Any CPU
		{B2C3D4E5-F6A7-8901-BCDE-F12345678901}.Debug|Any CPU.ActiveCfg = Debug|Any CPU
		{B2C3D4E5-F6A7-8901-BCDE-F12345678901}.Debug|Any CPU.Build.0 = Debug|Any CPU
		{B2C3D4E5-F6A7-8901-BCDE-F12345678901}.Debug|x64.ActiveCfg = Debug|Any CPU
		{B2C3D4E5-F6A7-8901-BCDE-F12345678901}.Debug|x64.Build.0 = Debug|Any CPU
		{B2C3D4E5-F6A7-8901-BCDE-F12345678901}.Debug|x86.ActiveCfg = Debug|Any CPU
		{B2C3D4E5-F6A7-8901-BCDE-F12345678901}.Debug|x86.Build.0 = Debug|Any CPU
		{B2C3D4E5-F6A7-8901-BCDE-F12345678901}.Release|Any CPU.ActiveCfg = Release|Any CPU
		{B2C3D4E5-F6A7-8901-BCDE-F12345678901}.Release|Any CPU.Build.0 = Release|Any CPU
		{B2C3D4E5-F6A7-8901-BCDE-F12345678901}.Release|x64.ActiveCfg = Release|Any CPU
		{B2C3D4E5-F6A7-8901-BCDE-F12345678901}.Release|x64.Build.0 = Release|Any CPU
		{B2C3D4E5-F6A7-8901-BCDE-F12345678901}.Release|x86.ActiveCfg = Release|Any CPU
		{B2C3D4E5-F6A7-8901-BCDE-F12345678901}.Release|x86.Build.0 = Release|Any CPU
		{60AF0DB5-3EBB-407A-9A7D-73094919ED96}.Debug|Any CPU.ActiveCfg = Debug|Any CPU
		{60AF0DB5-3EBB-407A-9A7D-73094919ED96}.Debug|Any CPU.Build.0 = Debug|Any CPU
		{60AF0DB5-3EBB-407A-9A7D-73094919ED96}.Debug|x64.ActiveCfg = Debug|Any CPU
		{60AF0DB5-3EBB-407A-9A7D-73094919ED96}.Debug|x64.Build.0 = Debug|Any CPU
		{60AF0DB5-3EBB-407A-9A7D-73094919ED96}.Debug|x86.ActiveCfg = Debug|Any CPU
		{60AF0DB5-3EBB-407A-9A7D-73094919ED96}.Debug|x86.Build.0 = Debug|Any CPU
		{60AF0DB5-3EBB-407A-9A7D-73094919ED96}.Release|Any CPU.ActiveCfg = Release|Any CPU
		{60AF0DB5-3EBB-407A-9A7D-73094919ED96}.Release|Any CPU.Build.0 = Release|Any CPU
		{60AF0DB5-3EBB-407A-9A7D-73094919ED96}.Release|x64.ActiveCfg = Release|Any CPU
		{60AF0DB5-3EBB-407A-9A7D-73094919ED96}.Release|x64.Build.0 = Release|Any CPU
		{60AF0DB5-3EBB-407A-9A7D-73094919ED96}.Release|x86.ActiveCfg = Release|Any CPU
		{60AF0DB5-3EBB-407A-9A7D-73094919ED96}.Release|x86.Build.0 = Release|Any CPU
		{A0271B90-557B-4A8C-B14B-5EDE1F6E04B6}.Debug|Any CPU.ActiveCfg = Debug|Any CPU
		{A0271B90-557B-4A8C-B14B-5EDE1F6E04B6}.Debug|Any CPU.Build.0 = Debug|Any CPU
		{A0271B90-557B-4A8C-B14B-5EDE1F6E04B6}.Debug|x64.ActiveCfg = Debug|Any CPU
		{A0271B90-557B-4A8C-B14B-5EDE1F6E04B6}.Debug|x64.Build.0 = Debug|Any CPU
		{A0271B90-557B-4A8C-B14B-5EDE1F6E04B6}.Debug|x86.ActiveCfg = Debug|Any CPU
		{A0271B90-557B-4A8C-B14B-5EDE1F6E04B6}.Debug|x86.Build.0 = Debug|Any CPU
		{A0271B90-557B-4A8C-B14B-5EDE1F6E04B6}.Release|Any CPU.ActiveCfg = Release|Any CPU
		{A0271B90-557B-4A8C-B14B-5EDE1F6E04B6}.Release|Any CPU.Build.0 = Release|Any CPU
		{A0271B90-557B-4A8C-B14B-5EDE1F6E04B6}.Release|x64.ActiveCfg = Release|Any CPU
		{A0271B90-557B-4A8C-B14B-5EDE1F6E04B6}.Release|x64.Build.0 = Release|Any CPU
		{A0271B90-557B-4A8C-B14B-5EDE1F6E04B6}.Release|x86.ActiveCfg = Release|Any CPU
		{A0271B90-557B-4A8C-B14B-5EDE1F6E04B6}.Release|x86.Build.0 = Release|Any CPU
		{0B0AB867-9D5A-40F0-AE89-6F28FE858820}.Debug|Any CPU.ActiveCfg = Debug|Any CPU
		{0B0AB867-9D5A-40F0-AE89-6F28FE858820}.Debug|Any CPU.Build.0 = Debug|Any CPU
		{0B0AB867-9D5A-40F0-AE89-6F28FE858820}.Debug|x64.ActiveCfg = Debug|Any CPU
		{0B0AB867-9D5A-40F0-AE89-6F28FE858820}.Debug|x64.Build.0 = Debug|Any CPU
		{0B0AB867-9D5A-40F0-AE89-6F28FE858820}.Debug|x86.ActiveCfg = Debug|Any CPU
		{0B0AB867-9D5A-40F0-AE89-6F28FE858820}.Debug|x86.Build.0 = Debug|Any CPU
		{0B0AB867-9D5A-40F0-AE89-6F28FE858820}.Release|Any CPU.ActiveCfg = Release|Any CPU
		{0B0AB867-9D5A-40F0-AE89-6F28FE858820}.Release|Any CPU.Build.0 = Release|Any CPU
		{0B0AB867-9D5A-40F0-AE89-6F28FE858820}.Release|x64.ActiveCfg = Release|Any CPU
		{0B0AB867-9D5A-40F0-AE89-6F28FE858820}.Release|x64.Build.0 = Release|Any CPU
		{0B0AB867-9D5A-40F0-AE89-6F28FE858820}.Release|x86.ActiveCfg = Release|Any CPU
		{0B0AB867-9D5A-40F0-AE89-6F28FE858820}.Release|x86.Build.0 = Release|Any CPU
		{C73C3DAD-2B2B-4629-BA20-7EFFD7CD7884}.Debug|Any CPU.ActiveCfg = Debug|Any CPU
		{C73C3DAD-2B2B-4629-BA20-7EFFD7CD7884}.Debug|Any CPU.Build.0 = Debug|Any CPU
		{C73C3DAD-2B2B-4629-BA20-7EFFD7CD7884}.Debug|x64.ActiveCfg = Debug|Any CPU
		{C73C3DAD-2B2B-4629-BA20-7EFFD7CD7884}.Debug|x64.Build.0 = Debug|Any CPU
		{C73C3DAD-2B2B-4629-BA20-7EFFD7CD7884}.Debug|x86.ActiveCfg = Debug|Any CPU
		{C73C3DAD-2B2B-4629-BA20-7EFFD7CD7884}.Debug|x86.Build.0 = Debug|Any CPU
		{C73C3DAD-2B2B-4629-BA20-7EFFD7CD7884}.Release|Any CPU.ActiveCfg = Release|Any CPU
		{C73C3DAD-2B2B-4629-BA20-7EFFD7CD7884}.Release|Any CPU.Build.0 = Release|Any CPU
		{C73C3DAD-2B2B-4629-BA20-7EFFD7CD7884}.Release|x64.ActiveCfg = Release|Any CPU
		{C73C3DAD-2B2B-4629-BA20-7EFFD7CD7884}.Release|x64.Build.0 = Release|Any CPU
		{C73C3DAD-2B2B-4629-BA20-7EFFD7CD7884}.Release|x86.ActiveCfg = Release|Any CPU
		{C73C3DAD-2B2B-4629-BA20-7EFFD7CD7884}.Release|x86.Build.0 = Release|Any CPU
		{AD1D1A19-3C0D-41BB-9C12-C911C3FE1DE1}.Debug|Any CPU.ActiveCfg = Debug|Any CPU
		{AD1D1A19-3C0D-41BB-9C12-C911C3FE1DE1}.Debug|Any CPU.Build.0 = Debug|Any CPU
		{AD1D1A19-3C0D-41BB-9C12-C911C3FE1DE1}.Debug|x64.ActiveCfg = Debug|Any CPU
		{AD1D1A19-3C0D-41BB-9C12-C911C3FE1DE1}.Debug|x64.Build.0 = Debug|Any CPU
		{AD1D1A19-3C0D-41BB-9C12-C911C3FE1DE1}.Debug|x86.ActiveCfg = Debug|Any CPU
		{AD1D1A19-3C0D-41BB-9C12-C911C3FE1DE1}.Debug|x86.Build.0 = Debug|Any CPU
		{AD1D1A19-3C0D-41BB-9C12-C911C3FE1DE1}.Release|Any CPU.ActiveCfg = Release|Any CPU
		{AD1D1A19-3C0D-41BB-9C12-C911C3FE1DE1}.Release|Any CPU.Build.0 = Release|Any CPU
		{AD1D1A19-3C0D-41BB-9C12-C911C3FE1DE1}.Release|x64.ActiveCfg = Release|Any CPU
		{AD1D1A19-3C0D-41BB-9C12-C911C3FE1DE1}.Release|x64.Build.0 = Release|Any CPU
		{AD1D1A19-3C0D-41BB-9C12-C911C3FE1DE1}.Release|x86.ActiveCfg = Release|Any CPU
		{AD1D1A19-3C0D-41BB-9C12-C911C3FE1DE1}.Release|x86.Build.0 = Release|Any CPU
	EndGlobalSection
	GlobalSection(SolutionProperties) = preSolution
		HideSolutionNode = FALSE
	EndGlobalSection
	GlobalSection(NestedProjects) = preSolution
		{A1B2C3D4-E5F6-7890-ABCD-EF1234567890} = {827E0CD3-B72D-47B6-A68D-7590B98EB39B}
		{B2C3D4E5-F6A7-8901-BCDE-F12345678901} = {827E0CD3-B72D-47B6-A68D-7590B98EB39B}
		{A0271B90-557B-4A8C-B14B-5EDE1F6E04B6} = {827E0CD3-B72D-47B6-A68D-7590B98EB39B}
		{0B0AB867-9D5A-40F0-AE89-6F28FE858820} = {0AB3BF05-4346-4AA6-1389-037BE0695223}
		{C73C3DAD-2B2B-4629-BA20-7EFFD7CD7884} = {827E0CD3-B72D-47B6-A68D-7590B98EB39B}
		{AD1D1A19-3C0D-41BB-9C12-C911C3FE1DE1} = {5D20AA90-6969-D8BD-9DCD-8634F4692FDA}
	EndGlobalSection
EndGlobal
